// !$*UTF8*$!
{
	archiveVersion = 1;
	classes = {
	};
	objectVersion = 46;
	objects = {

/* Begin PBXBuildFile section */
		C531FE241BB9CE2A00FCD9F9 /* Main.storyboard in Resources */ = {isa = PBXBuildFile; fileRef = C531FE221BB9CE2A00FCD9F9 /* Main.storyboard */; };
		C531FE261BB9CE2A00FCD9F9 /* Assets.xcassets in Resources */ = {isa = PBXBuildFile; fileRef = C531FE251BB9CE2A00FCD9F9 /* Assets.xcassets */; };
		C531FE361BB9D44E00FCD9F9 /* AppConfig.plist in Resources */ = {isa = PBXBuildFile; fileRef = C531FE351BB9D44E00FCD9F9 /* AppConfig.plist */; };
		C59B8AF21BCAF03900E7B10C /* LoginViewController.swift in Sources */ = {isa = PBXBuildFile; fileRef = C59B8AF11BCAF03900E7B10C /* LoginViewController.swift */; };
		C59B8AF41BCB139B00E7B10C /* AppDelegate.swift in Sources */ = {isa = PBXBuildFile; fileRef = C59B8AF31BCB139B00E7B10C /* AppDelegate.swift */; };
		C59B8AF71BCB14C600E7B10C /* LiveGamesViewController.swift in Sources */ = {isa = PBXBuildFile; fileRef = C59B8AF61BCB14C600E7B10C /* LiveGamesViewController.swift */; };
		C59B8AF91BCB14DC00E7B10C /* GameTableViewCell.swift in Sources */ = {isa = PBXBuildFile; fileRef = C59B8AF81BCB14DC00E7B10C /* GameTableViewCell.swift */; };
		C59B8B0E1BCB84E600E7B10C /* KeychainAccess.framework in Frameworks */ = {isa = PBXBuildFile; fileRef = C59B8B031BCB849C00E7B10C /* KeychainAccess.framework */; };
		C59B8B0F1BCB84E600E7B10C /* KeychainAccess.framework in Embed Frameworks */ = {isa = PBXBuildFile; fileRef = C59B8B031BCB849C00E7B10C /* KeychainAccess.framework */; settings = {ATTRIBUTES = (CodeSignOnCopy, RemoveHeadersOnCopy, ); }; };
/* End PBXBuildFile section */

/* Begin PBXContainerItemProxy section */
		C59B8B021BCB849C00E7B10C /* PBXContainerItemProxy */ = {
			isa = PBXContainerItemProxy;
			containerPortal = C59B8AFA1BCB849C00E7B10C /* KeychainAccess.xcodeproj */;
			proxyType = 2;
			remoteGlobalIDString = 140F195C1A49D79400B0016A;
			remoteInfo = "KeychainAccess-iOS";
		};
		C59B8B041BCB849C00E7B10C /* PBXContainerItemProxy */ = {
			isa = PBXContainerItemProxy;
			containerPortal = C59B8AFA1BCB849C00E7B10C /* KeychainAccess.xcodeproj */;
			proxyType = 2;
			remoteGlobalIDString = 140F19671A49D79500B0016A;
			remoteInfo = "KeychainAccess-iOSTests";
		};
		C59B8B061BCB849C00E7B10C /* PBXContainerItemProxy */ = {
			isa = PBXContainerItemProxy;
			containerPortal = C59B8AFA1BCB849C00E7B10C /* KeychainAccess.xcodeproj */;
			proxyType = 2;
			remoteGlobalIDString = 140C8F0A1A4EBE3100F85556;
			remoteInfo = "KeychainAccess-Mac";
		};
		C59B8B081BCB849C00E7B10C /* PBXContainerItemProxy */ = {
			isa = PBXContainerItemProxy;
			containerPortal = C59B8AFA1BCB849C00E7B10C /* KeychainAccess.xcodeproj */;
			proxyType = 2;
			remoteGlobalIDString = 140C8F141A4EBE3100F85556;
			remoteInfo = "KeychainAccess-MacTests";
		};
		C59B8B0A1BCB849C00E7B10C /* PBXContainerItemProxy */ = {
			isa = PBXContainerItemProxy;
			containerPortal = C59B8AFA1BCB849C00E7B10C /* KeychainAccess.xcodeproj */;
			proxyType = 2;
			remoteGlobalIDString = 14FDD4601B49B9AD00C39FE8;
			remoteInfo = "KeychainAccess-watchOS";
		};
		C59B8B0C1BCB84AA00E7B10C /* PBXContainerItemProxy */ = {
			isa = PBXContainerItemProxy;
			containerPortal = C59B8AFA1BCB849C00E7B10C /* KeychainAccess.xcodeproj */;
			proxyType = 1;
			remoteGlobalIDString = 140F195B1A49D79400B0016A;
			remoteInfo = "KeychainAccess-iOS";
		};
		C59B8B101BCB84E600E7B10C /* PBXContainerItemProxy */ = {
			isa = PBXContainerItemProxy;
			containerPortal = C59B8AFA1BCB849C00E7B10C /* KeychainAccess.xcodeproj */;
			proxyType = 1;
			remoteGlobalIDString = 140F195B1A49D79400B0016A;
			remoteInfo = "KeychainAccess-iOS";
		};
/* End PBXContainerItemProxy section */

/* Begin PBXCopyFilesBuildPhase section */
		C59B8AEA1BC9E00F00E7B10C /* Embed Frameworks */ = {
			isa = PBXCopyFilesBuildPhase;
			buildActionMask = 2147483647;
			dstPath = "";
			dstSubfolderSpec = 10;
			files = (
				C59B8B0F1BCB84E600E7B10C /* KeychainAccess.framework in Embed Frameworks */,
			);
			name = "Embed Frameworks";
			runOnlyForDeploymentPostprocessing = 0;
		};
/* End PBXCopyFilesBuildPhase section */

/* Begin PBXFileReference section */
		C531FE131BB9CE2A00FCD9F9 /* SportsStreamClient.app */ = {isa = PBXFileReference; explicitFileType = wrapper.application; includeInIndex = 0; path = SportsStreamClient.app; sourceTree = BUILT_PRODUCTS_DIR; };
		C531FE231BB9CE2A00FCD9F9 /* Base */ = {isa = PBXFileReference; lastKnownFileType = file.storyboard; name = Base; path = Base.lproj/Main.storyboard; sourceTree = "<group>"; };
		C531FE251BB9CE2A00FCD9F9 /* Assets.xcassets */ = {isa = PBXFileReference; lastKnownFileType = folder.assetcatalog; path = Assets.xcassets; sourceTree = "<group>"; };
		C531FE271BB9CE2A00FCD9F9 /* Info.plist */ = {isa = PBXFileReference; lastKnownFileType = text.plist.xml; path = Info.plist; sourceTree = "<group>"; };
		C531FE351BB9D44E00FCD9F9 /* AppConfig.plist */ = {isa = PBXFileReference; fileEncoding = 4; lastKnownFileType = text.plist.xml; path = AppConfig.plist; sourceTree = "<group>"; };
		C59B8AF11BCAF03900E7B10C /* LoginViewController.swift */ = {isa = PBXFileReference; fileEncoding = 4; lastKnownFileType = sourcecode.swift; path = LoginViewController.swift; sourceTree = "<group>"; };
		C59B8AF31BCB139B00E7B10C /* AppDelegate.swift */ = {isa = PBXFileReference; fileEncoding = 4; lastKnownFileType = sourcecode.swift; path = AppDelegate.swift; sourceTree = "<group>"; };
		C59B8AF61BCB14C600E7B10C /* LiveGamesViewController.swift */ = {isa = PBXFileReference; fileEncoding = 4; lastKnownFileType = sourcecode.swift; path = LiveGamesViewController.swift; sourceTree = "<group>"; };
		C59B8AF81BCB14DC00E7B10C /* GameTableViewCell.swift */ = {isa = PBXFileReference; fileEncoding = 4; lastKnownFileType = sourcecode.swift; path = GameTableViewCell.swift; sourceTree = "<group>"; };
		C59B8AFA1BCB849C00E7B10C /* KeychainAccess.xcodeproj */ = {isa = PBXFileReference; lastKnownFileType = "wrapper.pb-project"; name = KeychainAccess.xcodeproj; path = KeychainAccess/Lib/KeychainAccess.xcodeproj; sourceTree = "<group>"; };
/* End PBXFileReference section */

/* Begin PBXFrameworksBuildPhase section */
		C531FE101BB9CE2A00FCD9F9 /* Frameworks */ = {
			isa = PBXFrameworksBuildPhase;
			buildActionMask = 2147483647;
			files = (
				C59B8B0E1BCB84E600E7B10C /* KeychainAccess.framework in Frameworks */,
			);
			runOnlyForDeploymentPostprocessing = 0;
		};
/* End PBXFrameworksBuildPhase section */

/* Begin PBXGroup section */
		C531FE0A1BB9CE2A00FCD9F9 = {
			isa = PBXGroup;
			children = (
				C59B8AFA1BCB849C00E7B10C /* KeychainAccess.xcodeproj */,
				C531FE151BB9CE2A00FCD9F9 /* SportsStreamClient */,
				C531FE141BB9CE2A00FCD9F9 /* Products */,
			);
			sourceTree = "<group>";
		};
		C531FE141BB9CE2A00FCD9F9 /* Products */ = {
			isa = PBXGroup;
			children = (
				C531FE131BB9CE2A00FCD9F9 /* SportsStreamClient.app */,
			);
			name = Products;
			sourceTree = "<group>";
		};
		C531FE151BB9CE2A00FCD9F9 /* SportsStreamClient */ = {
			isa = PBXGroup;
			children = (
				C531FE351BB9D44E00FCD9F9 /* AppConfig.plist */,
				C59B8AF81BCB14DC00E7B10C /* GameTableViewCell.swift */,
				C59B8AF31BCB139B00E7B10C /* AppDelegate.swift */,
				C59B8AF11BCAF03900E7B10C /* LoginViewController.swift */,
				C59B8AF61BCB14C600E7B10C /* LiveGamesViewController.swift */,
				C531FE221BB9CE2A00FCD9F9 /* Main.storyboard */,
				C531FE251BB9CE2A00FCD9F9 /* Assets.xcassets */,
				C531FE271BB9CE2A00FCD9F9 /* Info.plist */,
			);
			path = SportsStreamClient;
			sourceTree = "<group>";
		};
		C59B8AFB1BCB849C00E7B10C /* Products */ = {
			isa = PBXGroup;
			children = (
				C59B8B031BCB849C00E7B10C /* KeychainAccess.framework */,
				C59B8B051BCB849C00E7B10C /* KeychainAccess-iOSTests.xctest */,
				C59B8B071BCB849C00E7B10C /* KeychainAccess.framework */,
				C59B8B091BCB849C00E7B10C /* KeychainAccess-MacTests.xctest */,
				C59B8B0B1BCB849C00E7B10C /* KeychainAccess.framework */,
			);
			name = Products;
			sourceTree = "<group>";
		};
/* End PBXGroup section */

/* Begin PBXNativeTarget section */
		C531FE121BB9CE2A00FCD9F9 /* SportsStreamClient */ = {
			isa = PBXNativeTarget;
			buildConfigurationList = C531FE2A1BB9CE2A00FCD9F9 /* Build configuration list for PBXNativeTarget "SportsStreamClient" */;
			buildPhases = (
				C531FE0F1BB9CE2A00FCD9F9 /* Sources */,
				C531FE101BB9CE2A00FCD9F9 /* Frameworks */,
				C531FE111BB9CE2A00FCD9F9 /* Resources */,
				C59B8AEA1BC9E00F00E7B10C /* Embed Frameworks */,
			);
			buildRules = (
			);
			dependencies = (
				C59B8B0D1BCB84AA00E7B10C /* PBXTargetDependency */,
				C59B8B111BCB84E600E7B10C /* PBXTargetDependency */,
			);
			name = SportsStreamClient;
			productName = SportsStreamClient;
			productReference = C531FE131BB9CE2A00FCD9F9 /* SportsStreamClient.app */;
			productType = "com.apple.product-type.application";
		};
/* End PBXNativeTarget section */

/* Begin PBXProject section */
		C531FE0B1BB9CE2A00FCD9F9 /* Project object */ = {
			isa = PBXProject;
			attributes = {
				LastUpgradeCheck = 0710;
				ORGANIZATIONNAME = SportsStream;
				TargetAttributes = {
					C531FE121BB9CE2A00FCD9F9 = {
						CreatedOnToolsVersion = 7.1;
						DevelopmentTeam = 96SJK7YQJ2;
					};
				};
			};
			buildConfigurationList = C531FE0E1BB9CE2A00FCD9F9 /* Build configuration list for PBXProject "SportsStreamClient" */;
			compatibilityVersion = "Xcode 3.2";
			developmentRegion = English;
			hasScannedForEncodings = 0;
			knownRegions = (
				en,
				Base,
			);
			mainGroup = C531FE0A1BB9CE2A00FCD9F9;
			productRefGroup = C531FE141BB9CE2A00FCD9F9 /* Products */;
			projectDirPath = "";
			projectReferences = (
				{
					ProductGroup = C59B8AFB1BCB849C00E7B10C /* Products */;
					ProjectRef = C59B8AFA1BCB849C00E7B10C /* KeychainAccess.xcodeproj */;
				},
			);
			projectRoot = "";
			targets = (
				C531FE121BB9CE2A00FCD9F9 /* SportsStreamClient */,
			);
		};
/* End PBXProject section */

/* Begin PBXReferenceProxy section */
		C59B8B031BCB849C00E7B10C /* KeychainAccess.framework */ = {
			isa = PBXReferenceProxy;
			fileType = wrapper.framework;
			path = KeychainAccess.framework;
			remoteRef = C59B8B021BCB849C00E7B10C /* PBXContainerItemProxy */;
			sourceTree = BUILT_PRODUCTS_DIR;
		};
		C59B8B051BCB849C00E7B10C /* KeychainAccess-iOSTests.xctest */ = {
			isa = PBXReferenceProxy;
			fileType = wrapper.cfbundle;
			path = "KeychainAccess-iOSTests.xctest";
			remoteRef = C59B8B041BCB849C00E7B10C /* PBXContainerItemProxy */;
			sourceTree = BUILT_PRODUCTS_DIR;
		};
		C59B8B071BCB849C00E7B10C /* KeychainAccess.framework */ = {
			isa = PBXReferenceProxy;
			fileType = wrapper.framework;
			path = KeychainAccess.framework;
			remoteRef = C59B8B061BCB849C00E7B10C /* PBXContainerItemProxy */;
			sourceTree = BUILT_PRODUCTS_DIR;
		};
		C59B8B091BCB849C00E7B10C /* KeychainAccess-MacTests.xctest */ = {
			isa = PBXReferenceProxy;
			fileType = wrapper.cfbundle;
			path = "KeychainAccess-MacTests.xctest";
			remoteRef = C59B8B081BCB849C00E7B10C /* PBXContainerItemProxy */;
			sourceTree = BUILT_PRODUCTS_DIR;
		};
		C59B8B0B1BCB849C00E7B10C /* KeychainAccess.framework */ = {
			isa = PBXReferenceProxy;
			fileType = wrapper.framework;
			path = KeychainAccess.framework;
			remoteRef = C59B8B0A1BCB849C00E7B10C /* PBXContainerItemProxy */;
			sourceTree = BUILT_PRODUCTS_DIR;
		};
/* End PBXReferenceProxy section */

/* Begin PBXResourcesBuildPhase section */
		C531FE111BB9CE2A00FCD9F9 /* Resources */ = {
			isa = PBXResourcesBuildPhase;
			buildActionMask = 2147483647;
			files = (
				C531FE361BB9D44E00FCD9F9 /* AppConfig.plist in Resources */,
				C531FE261BB9CE2A00FCD9F9 /* Assets.xcassets in Resources */,
				C531FE241BB9CE2A00FCD9F9 /* Main.storyboard in Resources */,
			);
			runOnlyForDeploymentPostprocessing = 0;
		};
/* End PBXResourcesBuildPhase section */

/* Begin PBXSourcesBuildPhase section */
		C531FE0F1BB9CE2A00FCD9F9 /* Sources */ = {
			isa = PBXSourcesBuildPhase;
			buildActionMask = 2147483647;
			files = (
				C59B8AF71BCB14C600E7B10C /* LiveGamesViewController.swift in Sources */,
				C59B8AF41BCB139B00E7B10C /* AppDelegate.swift in Sources */,
				C59B8AF21BCAF03900E7B10C /* LoginViewController.swift in Sources */,
				C59B8AF91BCB14DC00E7B10C /* GameTableViewCell.swift in Sources */,
			);
			runOnlyForDeploymentPostprocessing = 0;
		};
/* End PBXSourcesBuildPhase section */

/* Begin PBXTargetDependency section */
		C59B8B0D1BCB84AA00E7B10C /* PBXTargetDependency */ = {
			isa = PBXTargetDependency;
			name = "KeychainAccess-iOS";
			targetProxy = C59B8B0C1BCB84AA00E7B10C /* PBXContainerItemProxy */;
		};
		C59B8B111BCB84E600E7B10C /* PBXTargetDependency */ = {
			isa = PBXTargetDependency;
			name = "KeychainAccess-iOS";
			targetProxy = C59B8B101BCB84E600E7B10C /* PBXContainerItemProxy */;
		};
/* End PBXTargetDependency section */

/* Begin PBXVariantGroup section */
		C531FE221BB9CE2A00FCD9F9 /* Main.storyboard */ = {
			isa = PBXVariantGroup;
			children = (
				C531FE231BB9CE2A00FCD9F9 /* Base */,
			);
			name = Main.storyboard;
			sourceTree = "<group>";
		};
/* End PBXVariantGroup section */

/* Begin XCBuildConfiguration section */
		C531FE281BB9CE2A00FCD9F9 /* Debug */ = {
			isa = XCBuildConfiguration;
			buildSettings = {
				ALWAYS_SEARCH_USER_PATHS = NO;
				CLANG_CXX_LANGUAGE_STANDARD = "gnu++0x";
				CLANG_CXX_LIBRARY = "libc++";
				CLANG_ENABLE_MODULES = YES;
				CLANG_ENABLE_OBJC_ARC = YES;
				CLANG_WARN_BOOL_CONVERSION = YES;
				CLANG_WARN_CONSTANT_CONVERSION = YES;
				CLANG_WARN_DIRECT_OBJC_ISA_USAGE = YES_ERROR;
				CLANG_WARN_EMPTY_BODY = YES;
				CLANG_WARN_ENUM_CONVERSION = YES;
				CLANG_WARN_INT_CONVERSION = YES;
				CLANG_WARN_OBJC_ROOT_CLASS = YES_ERROR;
				CLANG_WARN_UNREACHABLE_CODE = YES;
				CLANG_WARN__DUPLICATE_METHOD_MATCH = YES;
				COPY_PHASE_STRIP = NO;
				DEBUG_INFORMATION_FORMAT = dwarf;
				ENABLE_STRICT_OBJC_MSGSEND = YES;
				ENABLE_TESTABILITY = YES;
				GCC_C_LANGUAGE_STANDARD = gnu99;
				GCC_DYNAMIC_NO_PIC = NO;
				GCC_NO_COMMON_BLOCKS = YES;
				GCC_OPTIMIZATION_LEVEL = 0;
				GCC_PREPROCESSOR_DEFINITIONS = (
					"DEBUG=1",
					"$(inherited)",
				);
				GCC_WARN_64_TO_32_BIT_CONVERSION = YES;
				GCC_WARN_ABOUT_RETURN_TYPE = YES_ERROR;
				GCC_WARN_UNDECLARED_SELECTOR = YES;
				GCC_WARN_UNINITIALIZED_AUTOS = YES_AGGRESSIVE;
				GCC_WARN_UNUSED_FUNCTION = YES;
				GCC_WARN_UNUSED_VARIABLE = YES;
				MTL_ENABLE_DEBUG_INFO = YES;
				ONLY_ACTIVE_ARCH = YES;
				SDKROOT = appletvos;
				TARGETED_DEVICE_FAMILY = 3;
				TVOS_DEPLOYMENT_TARGET = 9.0;
			};
			name = Debug;
		};
		C531FE291BB9CE2A00FCD9F9 /* Release */ = {
			isa = XCBuildConfiguration;
			buildSettings = {
				ALWAYS_SEARCH_USER_PATHS = NO;
				CLANG_CXX_LANGUAGE_STANDARD = "gnu++0x";
				CLANG_CXX_LIBRARY = "libc++";
				CLANG_ENABLE_MODULES = YES;
				CLANG_ENABLE_OBJC_ARC = YES;
				CLANG_WARN_BOOL_CONVERSION = YES;
				CLANG_WARN_CONSTANT_CONVERSION = YES;
				CLANG_WARN_DIRECT_OBJC_ISA_USAGE = YES_ERROR;
				CLANG_WARN_EMPTY_BODY = YES;
				CLANG_WARN_ENUM_CONVERSION = YES;
				CLANG_WARN_INT_CONVERSION = YES;
				CLANG_WARN_OBJC_ROOT_CLASS = YES_ERROR;
				CLANG_WARN_UNREACHABLE_CODE = YES;
				CLANG_WARN__DUPLICATE_METHOD_MATCH = YES;
				COPY_PHASE_STRIP = NO;
				DEBUG_INFORMATION_FORMAT = "dwarf-with-dsym";
				ENABLE_NS_ASSERTIONS = NO;
				ENABLE_STRICT_OBJC_MSGSEND = YES;
				GCC_C_LANGUAGE_STANDARD = gnu99;
				GCC_NO_COMMON_BLOCKS = YES;
				GCC_WARN_64_TO_32_BIT_CONVERSION = YES;
				GCC_WARN_ABOUT_RETURN_TYPE = YES_ERROR;
				GCC_WARN_UNDECLARED_SELECTOR = YES;
				GCC_WARN_UNINITIALIZED_AUTOS = YES_AGGRESSIVE;
				GCC_WARN_UNUSED_FUNCTION = YES;
				GCC_WARN_UNUSED_VARIABLE = YES;
				MTL_ENABLE_DEBUG_INFO = NO;
				SDKROOT = appletvos;
				TARGETED_DEVICE_FAMILY = 3;
				TVOS_DEPLOYMENT_TARGET = 9.0;
				VALIDATE_PRODUCT = YES;
			};
			name = Release;
		};
		C531FE2B1BB9CE2A00FCD9F9 /* Debug */ = {
			isa = XCBuildConfiguration;
			buildSettings = {
				ASSETCATALOG_COMPILER_APPICON_NAME = "Brand Assets";
				ASSETCATALOG_COMPILER_LAUNCHIMAGE_NAME = LaunchImage;
				CLANG_ENABLE_MODULES = YES;
				CLANG_WARN__ARC_BRIDGE_CAST_NONARC = YES;
				CODE_SIGN_IDENTITY = "iPhone Developer";
				"CODE_SIGN_IDENTITY[sdk=appletvos*]" = "iPhone Developer";
				EMBEDDED_CONTENT_CONTAINS_SWIFT = YES;
				INFOPLIST_FILE = SportsStreamClient/Info.plist;
				LD_RUNPATH_SEARCH_PATHS = "$(inherited) @executable_path/Frameworks";
				PRODUCT_BUNDLE_IDENTIFIER = com.sportsstream.sportsstreamclient;
				PRODUCT_NAME = "$(TARGET_NAME)";
				PROVISIONING_PROFILE = "";
				SWIFT_INSTALL_OBJC_HEADER = NO;
				SWIFT_OBJC_BRIDGING_HEADER = "";
				SWIFT_OBJC_INTERFACE_HEADER_NAME = "";
				SWIFT_OPTIMIZATION_LEVEL = "-Onone";
			};
			name = Debug;
		};
		C531FE2C1BB9CE2A00FCD9F9 /* Release */ = {
			isa = XCBuildConfiguration;
			buildSettings = {
				ASSETCATALOG_COMPILER_APPICON_NAME = "Brand Assets";
				ASSETCATALOG_COMPILER_LAUNCHIMAGE_NAME = LaunchImage;
				CLANG_ENABLE_MODULES = YES;
				CLANG_WARN__ARC_BRIDGE_CAST_NONARC = YES;
				CODE_SIGN_IDENTITY = "iPhone Distribution";
				"CODE_SIGN_IDENTITY[sdk=appletvos*]" = "iPhone Distribution";
				EMBEDDED_CONTENT_CONTAINS_SWIFT = YES;
				INFOPLIST_FILE = SportsStreamClient/Info.plist;
				LD_RUNPATH_SEARCH_PATHS = "$(inherited) @executable_path/Frameworks";
				ONLY_ACTIVE_ARCH = YES;
				PRODUCT_BUNDLE_IDENTIFIER = com.sportsstream.sportsstreamclient;
				PRODUCT_NAME = "$(TARGET_NAME)";
				PROVISIONING_PROFILE = "";
				SWIFT_INSTALL_OBJC_HEADER = NO;
				SWIFT_OBJC_BRIDGING_HEADER = "";
				SWIFT_OBJC_INTERFACE_HEADER_NAME = "";
			};
			name = Release;
		};
/* End XCBuildConfiguration section */

/* Begin XCConfigurationList section */
		C531FE0E1BB9CE2A00FCD9F9 /* Build configuration list for PBXProject "SportsStreamClient" */ = {
			isa = XCConfigurationList;
			buildConfigurations = (
				C531FE281BB9CE2A00FCD9F9 /* Debug */,
				C531FE291BB9CE2A00FCD9F9 /* Release */,
			);
			defaultConfigurationIsVisible = 0;
			defaultConfigurationName = Release;
		};
		C531FE2A1BB9CE2A00FCD9F9 /* Build configuration list for PBXNativeTarget "SportsStreamClient" */ = {
			isa = XCConfigurationList;
			buildConfigurations = (
				C531FE2B1BB9CE2A00FCD9F9 /* Debug */,
				C531FE2C1BB9CE2A00FCD9F9 /* Release */,
			);
			defaultConfigurationIsVisible = 0;
			defaultConfigurationName = Release;
		};
/* End XCConfigurationList section */
	};
	rootObject = C531FE0B1BB9CE2A00FCD9F9 /* Project object */;
}
